
Microsoft Visual Studio Solution File, Format Version 12.00
# Visual Studio Version 16
VisualStudioVersion = 16.0.30330.147
MinimumVisualStudioVersion = 10.0.40219.1
Project("{FAE04EC0-301F-11D3-BF4B-00C04F79EFBC}") = "PluginWebUI", "PluginWebUI\PluginWebUI.csproj", "{FF597766-A4E5-4FD5-9976-40AB072A2521}"
EndProject
Global
	GlobalSection(SolutionConfigurationPlatforms) = preSolution
		Debug|Any CPU = Debug|Any CPU
		Release|Any CPU = Release|Any CPU
	EndGlobalSection
	GlobalSection(ProjectConfigurationPlatforms) = postSolution
		{FF597766-A4E5-4FD5-9976-40AB072A2521}.Debug|Any CPU.ActiveCfg = Debug|Any CPU
		{FF597766-A4E5-4FD5-9976-40AB072A2521}.Debug|Any CPU.Build.0 = Debug|Any CPU
		{FF597766-A4E5-4FD5-9976-40AB072A2521}.Release|Any CPU.ActiveCfg = Release|Any CPU
		{FF597766-A4E5-4FD5-9976-40AB072A2521}.Release|Any CPU.Build.0 = Release|Any CPU
	EndGlobalSection
	GlobalSection(SolutionProperties) = preSolution
		HideSolutionNode = FALSE
	EndGlobalSection
	GlobalSection(ExtensibilityGlobals) = postSolution
		SolutionGuid = {6E46ED47-0160-42D1-8DAF-FF4A548689F4}
	EndGlobalSection
EndGlobal
